
Microsoft Visual Studio Solution File, Format Version 12.00
# Visual Studio Version 16
VisualStudioVersion = 16.0.31105.61
MinimumVisualStudioVersion = 10.0.40219.1
Project("{FAE04EC0-301F-11D3-BF4B-00C04F79EFBC}") = "WPFnotes", "WPFnotes\WPFnotes.csproj", "{D0B16740-253D-4081-B8EF-CBB01B07E9E3}"
EndProject
Global
	GlobalSection(SolutionConfigurationPlatforms) = preSolution
		Debug|Any CPU = Debug|Any CPU
		Release|Any CPU = Release|Any CPU
	EndGlobalSection
	GlobalSection(ProjectConfigurationPlatforms) = postSolution
		{D0B16740-253D-4081-B8EF-CBB01B07E9E3}.Debug|Any CPU.ActiveCfg = Debug|Any CPU
		{D0B16740-253D-4081-B8EF-CBB01B07E9E3}.Debug|Any CPU.Build.0 = Debug|Any CPU
		{D0B16740-253D-4081-B8EF-CBB01B07E9E3}.Release|Any CPU.ActiveCfg = Release|Any CPU
		{D0B16740-253D-4081-B8EF-CBB01B07E9E3}.Release|Any CPU.Build.0 = Release|Any CPU
	EndGlobalSection
	GlobalSection(SolutionProperties) = preSolution
		HideSolutionNode = FALSE
	EndGlobalSection
	GlobalSection(ExtensibilityGlobals) = postSolution
		SolutionGuid = {1AD250F1-0245-4237-B42D-442ACBA46B56}
	EndGlobalSection
EndGlobal
